// !$*UTF8*$!
{
	archiveVersion = 1;
	classes = {
	};
	objectVersion = 48;
	objects = {

/* Begin PBXBuildFile section */
		1F8E05792040141600DAE212 /* AppDelegate.swift in Sources */ = {isa = PBXBuildFile; fileRef = 1F8E05782040141600DAE212 /* AppDelegate.swift */; };
		1F8E057B2040141600DAE212 /* ViewController.swift in Sources */ = {isa = PBXBuildFile; fileRef = 1F8E057A2040141600DAE212 /* ViewController.swift */; };
		1F8E057E2040141600DAE212 /* Main.storyboard in Resources */ = {isa = PBXBuildFile; fileRef = 1F8E057C2040141600DAE212 /* Main.storyboard */; };
		1F8E05812040141600DAE212 /* BeeJeeContacts.xcdatamodeld in Sources */ = {isa = PBXBuildFile; fileRef = 1F8E057F2040141600DAE212 /* BeeJeeContacts.xcdatamodeld */; };
		1F8E05832040141600DAE212 /* Assets.xcassets in Resources */ = {isa = PBXBuildFile; fileRef = 1F8E05822040141600DAE212 /* Assets.xcassets */; };
		1F8E05862040141600DAE212 /* LaunchScreen.storyboard in Resources */ = {isa = PBXBuildFile; fileRef = 1F8E05842040141600DAE212 /* LaunchScreen.storyboard */; };
		1F8E05912040141700DAE212 /* BeeJeeContactsTests.swift in Sources */ = {isa = PBXBuildFile; fileRef = 1F8E05902040141700DAE212 /* BeeJeeContactsTests.swift */; };
		1F8E059D204018B900DAE212 /* Contact.swift in Sources */ = {isa = PBXBuildFile; fileRef = 1F8E059C204018B900DAE212 /* Contact.swift */; };
		1F8E05A020401ADE00DAE212 /* contacts.json in Resources */ = {isa = PBXBuildFile; fileRef = 1F8E059F20401ADE00DAE212 /* contacts.json */; };
		1FC88601204022AC000FF760 /* ContactsStore.swift in Sources */ = {isa = PBXBuildFile; fileRef = 1FC88600204022AC000FF760 /* ContactsStore.swift */; };
/* End PBXBuildFile section */

/* Begin PBXContainerItemProxy section */
		1F8E058D2040141700DAE212 /* PBXContainerItemProxy */ = {
			isa = PBXContainerItemProxy;
			containerPortal = 1F8E056D2040141600DAE212 /* Project object */;
			proxyType = 1;
			remoteGlobalIDString = 1F8E05742040141600DAE212;
			remoteInfo = BeeJeeContacts;
		};
/* End PBXContainerItemProxy section */

/* Begin PBXFileReference section */
		1F8E05752040141600DAE212 /* BeeJeeContacts.app */ = {isa = PBXFileReference; explicitFileType = wrapper.application; includeInIndex = 0; path = BeeJeeContacts.app; sourceTree = BUILT_PRODUCTS_DIR; };
		1F8E05782040141600DAE212 /* AppDelegate.swift */ = {isa = PBXFileReference; lastKnownFileType = sourcecode.swift; path = AppDelegate.swift; sourceTree = "<group>"; };
		1F8E057A2040141600DAE212 /* ViewController.swift */ = {isa = PBXFileReference; lastKnownFileType = sourcecode.swift; path = ViewController.swift; sourceTree = "<group>"; };
		1F8E057D2040141600DAE212 /* Base */ = {isa = PBXFileReference; lastKnownFileType = file.storyboard; name = Base; path = Base.lproj/Main.storyboard; sourceTree = "<group>"; };
		1F8E05802040141600DAE212 /* BeeJeeContacts.xcdatamodel */ = {isa = PBXFileReference; lastKnownFileType = wrapper.xcdatamodel; path = BeeJeeContacts.xcdatamodel; sourceTree = "<group>"; };
		1F8E05822040141600DAE212 /* Assets.xcassets */ = {isa = PBXFileReference; lastKnownFileType = folder.assetcatalog; path = Assets.xcassets; sourceTree = "<group>"; };
		1F8E05852040141600DAE212 /* Base */ = {isa = PBXFileReference; lastKnownFileType = file.storyboard; name = Base; path = Base.lproj/LaunchScreen.storyboard; sourceTree = "<group>"; };
		1F8E058C2040141700DAE212 /* BeeJeeContactsTests.xctest */ = {isa = PBXFileReference; explicitFileType = wrapper.cfbundle; includeInIndex = 0; path = BeeJeeContactsTests.xctest; sourceTree = BUILT_PRODUCTS_DIR; };
		1F8E05902040141700DAE212 /* BeeJeeContactsTests.swift */ = {isa = PBXFileReference; lastKnownFileType = sourcecode.swift; path = BeeJeeContactsTests.swift; sourceTree = "<group>"; };
		1F8E05922040141700DAE212 /* Info.plist */ = {isa = PBXFileReference; lastKnownFileType = text.plist.xml; path = Info.plist; sourceTree = "<group>"; };
		1F8E059C204018B900DAE212 /* Contact.swift */ = {isa = PBXFileReference; lastKnownFileType = sourcecode.swift; path = Contact.swift; sourceTree = "<group>"; };
		1F8E059F20401ADE00DAE212 /* contacts.json */ = {isa = PBXFileReference; fileEncoding = 4; lastKnownFileType = text.json; path = contacts.json; sourceTree = "<group>"; };
		1F8E05A320401ED500DAE212 /* Info.plist */ = {isa = PBXFileReference; fileEncoding = 4; lastKnownFileType = text.plist.xml; path = Info.plist; sourceTree = "<group>"; };
		1FC88600204022AC000FF760 /* ContactsStore.swift */ = {isa = PBXFileReference; lastKnownFileType = sourcecode.swift; path = ContactsStore.swift; sourceTree = "<group>"; };
/* End PBXFileReference section */

/* Begin PBXFrameworksBuildPhase section */
		1F8E05722040141600DAE212 /* Frameworks */ = {
			isa = PBXFrameworksBuildPhase;
			buildActionMask = 2147483647;
			files = (
			);
			runOnlyForDeploymentPostprocessing = 0;
		};
		1F8E05892040141700DAE212 /* Frameworks */ = {
			isa = PBXFrameworksBuildPhase;
			buildActionMask = 2147483647;
			files = (
			);
			runOnlyForDeploymentPostprocessing = 0;
		};
/* End PBXFrameworksBuildPhase section */

/* Begin PBXGroup section */
		1F8E056C2040141600DAE212 = {
			isa = PBXGroup;
			children = (
				1F8E05772040141600DAE212 /* BeeJeeContacts */,
				1F8E058F2040141700DAE212 /* BeeJeeContactsTests */,
				1F8E05762040141600DAE212 /* Products */,
			);
			indentWidth = 2;
			sourceTree = "<group>";
			tabWidth = 2;
		};
		1F8E05762040141600DAE212 /* Products */ = {
			isa = PBXGroup;
			children = (
				1F8E05752040141600DAE212 /* BeeJeeContacts.app */,
				1F8E058C2040141700DAE212 /* BeeJeeContactsTests.xctest */,
			);
			name = Products;
			sourceTree = "<group>";
		};
		1F8E05772040141600DAE212 /* BeeJeeContacts */ = {
			isa = PBXGroup;
			children = (
				1FC885FF20402294000FF760 /* Services */,
				1F8E059E20401AC800DAE212 /* Resources */,
				1F8E059B204018AB00DAE212 /* Models */,
				1F8E05782040141600DAE212 /* AppDelegate.swift */,
				1F8E05A320401ED500DAE212 /* Info.plist */,
				1F8E057A2040141600DAE212 /* ViewController.swift */,
				1F8E05822040141600DAE212 /* Assets.xcassets */,
				1F8E057C2040141600DAE212 /* Main.storyboard */,
				1F8E05842040141600DAE212 /* LaunchScreen.storyboard */,
				1F8E057F2040141600DAE212 /* BeeJeeContacts.xcdatamodeld */,
			);
			path = BeeJeeContacts;
			sourceTree = "<group>";
		};
		1F8E058F2040141700DAE212 /* BeeJeeContactsTests */ = {
			isa = PBXGroup;
			children = (
				1F8E05902040141700DAE212 /* BeeJeeContactsTests.swift */,
				1F8E05922040141700DAE212 /* Info.plist */,
			);
			path = BeeJeeContactsTests;
			sourceTree = "<group>";
		};
		1F8E059B204018AB00DAE212 /* Models */ = {
			isa = PBXGroup;
			children = (
				1F8E059C204018B900DAE212 /* Contact.swift */,
			);
			path = Models;
			sourceTree = "<group>";
		};
		1F8E059E20401AC800DAE212 /* Resources */ = {
			isa = PBXGroup;
			children = (
				1F8E059F20401ADE00DAE212 /* contacts.json */,
			);
			path = Resources;
			sourceTree = "<group>";
		};
		1FC885FF20402294000FF760 /* Services */ = {
			isa = PBXGroup;
			children = (
				1FC88600204022AC000FF760 /* ContactsStore.swift */,
			);
			path = Services;
			sourceTree = "<group>";
		};
/* End PBXGroup section */

/* Begin PBXNativeTarget section */
		1F8E05742040141600DAE212 /* BeeJeeContacts */ = {
			isa = PBXNativeTarget;
			buildConfigurationList = 1F8E05952040141700DAE212 /* Build configuration list for PBXNativeTarget "BeeJeeContacts" */;
			buildPhases = (
				1F8E05712040141600DAE212 /* Sources */,
				1F8E05722040141600DAE212 /* Frameworks */,
				1F8E05732040141600DAE212 /* Resources */,
			);
			buildRules = (
			);
			dependencies = (
			);
			name = BeeJeeContacts;
			productName = BeeJeeContacts;
			productReference = 1F8E05752040141600DAE212 /* BeeJeeContacts.app */;
			productType = "com.apple.product-type.application";
		};
		1F8E058B2040141700DAE212 /* BeeJeeContactsTests */ = {
			isa = PBXNativeTarget;
			buildConfigurationList = 1F8E05982040141700DAE212 /* Build configuration list for PBXNativeTarget "BeeJeeContactsTests" */;
			buildPhases = (
				1F8E05882040141700DAE212 /* Sources */,
				1F8E05892040141700DAE212 /* Frameworks */,
				1F8E058A2040141700DAE212 /* Resources */,
			);
			buildRules = (
			);
			dependencies = (
				1F8E058E2040141700DAE212 /* PBXTargetDependency */,
			);
			name = BeeJeeContactsTests;
			productName = BeeJeeContactsTests;
			productReference = 1F8E058C2040141700DAE212 /* BeeJeeContactsTests.xctest */;
			productType = "com.apple.product-type.bundle.unit-test";
		};
/* End PBXNativeTarget section */

/* Begin PBXProject section */
		1F8E056D2040141600DAE212 /* Project object */ = {
			isa = PBXProject;
			attributes = {
				LastSwiftUpdateCheck = 0920;
				LastUpgradeCheck = 0920;
				ORGANIZATIONNAME = Khlebnikov;
				TargetAttributes = {
					1F8E05742040141600DAE212 = {
						CreatedOnToolsVersion = 9.2;
						ProvisioningStyle = Automatic;
					};
					1F8E058B2040141700DAE212 = {
						CreatedOnToolsVersion = 9.2;
						ProvisioningStyle = Automatic;
						TestTargetID = 1F8E05742040141600DAE212;
					};
				};
			};
			buildConfigurationList = 1F8E05702040141600DAE212 /* Build configuration list for PBXProject "BeeJeeContacts" */;
			compatibilityVersion = "Xcode 8.0";
			developmentRegion = en;
			hasScannedForEncodings = 0;
			knownRegions = (
				en,
				Base,
			);
			mainGroup = 1F8E056C2040141600DAE212;
			productRefGroup = 1F8E05762040141600DAE212 /* Products */;
			projectDirPath = "";
			projectRoot = "";
			targets = (
				1F8E05742040141600DAE212 /* BeeJeeContacts */,
				1F8E058B2040141700DAE212 /* BeeJeeContactsTests */,
			);
		};
/* End PBXProject section */

/* Begin PBXResourcesBuildPhase section */
		1F8E05732040141600DAE212 /* Resources */ = {
			isa = PBXResourcesBuildPhase;
			buildActionMask = 2147483647;
			files = (
				1F8E05A020401ADE00DAE212 /* contacts.json in Resources */,
				1F8E05862040141600DAE212 /* LaunchScreen.storyboard in Resources */,
				1F8E05832040141600DAE212 /* Assets.xcassets in Resources */,
				1F8E057E2040141600DAE212 /* Main.storyboard in Resources */,
			);
			runOnlyForDeploymentPostprocessing = 0;
		};
		1F8E058A2040141700DAE212 /* Resources */ = {
			isa = PBXResourcesBuildPhase;
			buildActionMask = 2147483647;
			files = (
			);
			runOnlyForDeploymentPostprocessing = 0;
		};
/* End PBXResourcesBuildPhase section */

/* Begin PBXSourcesBuildPhase section */
		1F8E05712040141600DAE212 /* Sources */ = {
			isa = PBXSourcesBuildPhase;
			buildActionMask = 2147483647;
			files = (
				1F8E059D204018B900DAE212 /* Contact.swift in Sources */,
				1F8E057B2040141600DAE212 /* ViewController.swift in Sources */,
				1FC88601204022AC000FF760 /* ContactsStore.swift in Sources */,
				1F8E05792040141600DAE212 /* AppDelegate.swift in Sources */,
				1F8E05812040141600DAE212 /* BeeJeeContacts.xcdatamodeld in Sources */,
			);
			runOnlyForDeploymentPostprocessing = 0;
		};
		1F8E05882040141700DAE212 /* Sources */ = {
			isa = PBXSourcesBuildPhase;
			buildActionMask = 2147483647;
			files = (
				1F8E05912040141700DAE212 /* BeeJeeContactsTests.swift in Sources */,
			);
			runOnlyForDeploymentPostprocessing = 0;
		};
/* End PBXSourcesBuildPhase section */

/* Begin PBXTargetDependency section */
		1F8E058E2040141700DAE212 /* PBXTargetDependency */ = {
			isa = PBXTargetDependency;
			target = 1F8E05742040141600DAE212 /* BeeJeeContacts */;
			targetProxy = 1F8E058D2040141700DAE212 /* PBXContainerItemProxy */;
		};
/* End PBXTargetDependency section */

/* Begin PBXVariantGroup section */
		1F8E057C2040141600DAE212 /* Main.storyboard */ = {
			isa = PBXVariantGroup;
			children = (
				1F8E057D2040141600DAE212 /* Base */,
			);
			name = Main.storyboard;
			sourceTree = "<group>";
		};
		1F8E05842040141600DAE212 /* LaunchScreen.storyboard */ = {
			isa = PBXVariantGroup;
			children = (
				1F8E05852040141600DAE212 /* Base */,
			);
			name = LaunchScreen.storyboard;
			sourceTree = "<group>";
		};
/* End PBXVariantGroup section */

/* Begin XCBuildConfiguration section */
		1F8E05932040141700DAE212 /* Debug */ = {
			isa = XCBuildConfiguration;
			buildSettings = {
				ALWAYS_SEARCH_USER_PATHS = NO;
				CLANG_ANALYZER_NONNULL = YES;
				CLANG_ANALYZER_NUMBER_OBJECT_CONVERSION = YES_AGGRESSIVE;
				CLANG_CXX_LANGUAGE_STANDARD = "gnu++14";
				CLANG_CXX_LIBRARY = "libc++";
				CLANG_ENABLE_MODULES = YES;
				CLANG_ENABLE_OBJC_ARC = YES;
				CLANG_WARN_BLOCK_CAPTURE_AUTORELEASING = YES;
				CLANG_WARN_BOOL_CONVERSION = YES;
				CLANG_WARN_COMMA = YES;
				CLANG_WARN_CONSTANT_CONVERSION = YES;
				CLANG_WARN_DIRECT_OBJC_ISA_USAGE = YES_ERROR;
				CLANG_WARN_DOCUMENTATION_COMMENTS = YES;
				CLANG_WARN_EMPTY_BODY = YES;
				CLANG_WARN_ENUM_CONVERSION = YES;
				CLANG_WARN_INFINITE_RECURSION = YES;
				CLANG_WARN_INT_CONVERSION = YES;
				CLANG_WARN_NON_LITERAL_NULL_CONVERSION = YES;
				CLANG_WARN_OBJC_LITERAL_CONVERSION = YES;
				CLANG_WARN_OBJC_ROOT_CLASS = YES_ERROR;
				CLANG_WARN_RANGE_LOOP_ANALYSIS = YES;
				CLANG_WARN_STRICT_PROTOTYPES = YES;
				CLANG_WARN_SUSPICIOUS_MOVE = YES;
				CLANG_WARN_UNGUARDED_AVAILABILITY = YES_AGGRESSIVE;
				CLANG_WARN_UNREACHABLE_CODE = YES;
				CLANG_WARN__DUPLICATE_METHOD_MATCH = YES;
				CODE_SIGN_IDENTITY = "iPhone Developer";
				COPY_PHASE_STRIP = NO;
				DEBUG_INFORMATION_FORMAT = dwarf;
				ENABLE_STRICT_OBJC_MSGSEND = YES;
				ENABLE_TESTABILITY = YES;
				GCC_C_LANGUAGE_STANDARD = gnu11;
				GCC_DYNAMIC_NO_PIC = NO;
				GCC_NO_COMMON_BLOCKS = YES;
				GCC_OPTIMIZATION_LEVEL = 0;
				GCC_PREPROCESSOR_DEFINITIONS = (
					"DEBUG=1",
					"$(inherited)",
				);
				GCC_WARN_64_TO_32_BIT_CONVERSION = YES;
				GCC_WARN_ABOUT_RETURN_TYPE = YES_ERROR;
				GCC_WARN_UNDECLARED_SELECTOR = YES;
				GCC_WARN_UNINITIALIZED_AUTOS = YES_AGGRESSIVE;
				GCC_WARN_UNUSED_FUNCTION = YES;
				GCC_WARN_UNUSED_VARIABLE = YES;
				IPHONEOS_DEPLOYMENT_TARGET = 11.2;
				MTL_ENABLE_DEBUG_INFO = YES;
				ONLY_ACTIVE_ARCH = YES;
				SDKROOT = iphoneos;
				SWIFT_ACTIVE_COMPILATION_CONDITIONS = DEBUG;
				SWIFT_OPTIMIZATION_LEVEL = "-Onone";
			};
			name = Debug;
		};
		1F8E05942040141700DAE212 /* Release */ = {
			isa = XCBuildConfiguration;
			buildSettings = {
				ALWAYS_SEARCH_USER_PATHS = NO;
				CLANG_ANALYZER_NONNULL = YES;
				CLANG_ANALYZER_NUMBER_OBJECT_CONVERSION = YES_AGGRESSIVE;
				CLANG_CXX_LANGUAGE_STANDARD = "gnu++14";
				CLANG_CXX_LIBRARY = "libc++";
				CLANG_ENABLE_MODULES = YES;
				CLANG_ENABLE_OBJC_ARC = YES;
				CLANG_WARN_BLOCK_CAPTURE_AUTORELEASING = YES;
				CLANG_WARN_BOOL_CONVERSION = YES;
				CLANG_WARN_COMMA = YES;
				CLANG_WARN_CONSTANT_CONVERSION = YES;
				CLANG_WARN_DIRECT_OBJC_ISA_USAGE = YES_ERROR;
				CLANG_WARN_DOCUMENTATION_COMMENTS = YES;
				CLANG_WARN_EMPTY_BODY = YES;
				CLANG_WARN_ENUM_CONVERSION = YES;
				CLANG_WARN_INFINITE_RECURSION = YES;
				CLANG_WARN_INT_CONVERSION = YES;
				CLANG_WARN_NON_LITERAL_NULL_CONVERSION = YES;
				CLANG_WARN_OBJC_LITERAL_CONVERSION = YES;
				CLANG_WARN_OBJC_ROOT_CLASS = YES_ERROR;
				CLANG_WARN_RANGE_LOOP_ANALYSIS = YES;
				CLANG_WARN_STRICT_PROTOTYPES = YES;
				CLANG_WARN_SUSPICIOUS_MOVE = YES;
				CLANG_WARN_UNGUARDED_AVAILABILITY = YES_AGGRESSIVE;
				CLANG_WARN_UNREACHABLE_CODE = YES;
				CLANG_WARN__DUPLICATE_METHOD_MATCH = YES;
				CODE_SIGN_IDENTITY = "iPhone Developer";
				COPY_PHASE_STRIP = NO;
				DEBUG_INFORMATION_FORMAT = "dwarf-with-dsym";
				ENABLE_NS_ASSERTIONS = NO;
				ENABLE_STRICT_OBJC_MSGSEND = YES;
				GCC_C_LANGUAGE_STANDARD = gnu11;
				GCC_NO_COMMON_BLOCKS = YES;
				GCC_WARN_64_TO_32_BIT_CONVERSION = YES;
				GCC_WARN_ABOUT_RETURN_TYPE = YES_ERROR;
				GCC_WARN_UNDECLARED_SELECTOR = YES;
				GCC_WARN_UNINITIALIZED_AUTOS = YES_AGGRESSIVE;
				GCC_WARN_UNUSED_FUNCTION = YES;
				GCC_WARN_UNUSED_VARIABLE = YES;
				IPHONEOS_DEPLOYMENT_TARGET = 11.2;
				MTL_ENABLE_DEBUG_INFO = NO;
				SDKROOT = iphoneos;
				SWIFT_OPTIMIZATION_LEVEL = "-Owholemodule";
				VALIDATE_PRODUCT = YES;
			};
			name = Release;
		};
		1F8E05962040141700DAE212 /* Debug */ = {
			isa = XCBuildConfiguration;
			buildSettings = {
				ASSETCATALOG_COMPILER_APPICON_NAME = AppIcon;
				CODE_SIGN_STYLE = Automatic;
				INFOPLIST_FILE = BeeJeeContacts/Info.plist;
				LD_RUNPATH_SEARCH_PATHS = "$(inherited) @executable_path/Frameworks";
				PRODUCT_BUNDLE_IDENTIFIER = Khlebnikov.BeeJeeContacts;
				PRODUCT_NAME = "$(TARGET_NAME)";
				SWIFT_VERSION = 4.0;
				TARGETED_DEVICE_FAMILY = "1,2";
			};
			name = Debug;
		};
		1F8E05972040141700DAE212 /* Release */ = {
			isa = XCBuildConfiguration;
			buildSettings = {
				ASSETCATALOG_COMPILER_APPICON_NAME = AppIcon;
				CODE_SIGN_STYLE = Automatic;
				INFOPLIST_FILE = BeeJeeContacts/Info.plist;
				LD_RUNPATH_SEARCH_PATHS = "$(inherited) @executable_path/Frameworks";
				PRODUCT_BUNDLE_IDENTIFIER = Khlebnikov.BeeJeeContacts;
				PRODUCT_NAME = "$(TARGET_NAME)";
				SWIFT_VERSION = 4.0;
				TARGETED_DEVICE_FAMILY = "1,2";
			};
			name = Release;
		};
		1F8E05992040141700DAE212 /* Debug */ = {
			isa = XCBuildConfiguration;
			buildSettings = {
				ALWAYS_EMBED_SWIFT_STANDARD_LIBRARIES = YES;
				BUNDLE_LOADER = "$(TEST_HOST)";
				CODE_SIGN_STYLE = Automatic;
				INFOPLIST_FILE = BeeJeeContactsTests/Info.plist;
				LD_RUNPATH_SEARCH_PATHS = "$(inherited) @executable_path/Frameworks @loader_path/Frameworks";
				PRODUCT_BUNDLE_IDENTIFIER = Khlebnikov.BeeJeeContactsTests;
				PRODUCT_NAME = "$(TARGET_NAME)";
				SWIFT_VERSION = 4.0;
				TARGETED_DEVICE_FAMILY = "1,2";
				TEST_HOST = "$(BUILT_PRODUCTS_DIR)/BeeJeeContacts.app/BeeJeeContacts";
			};
			name = Debug;
		};
		1F8E059A2040141700DAE212 /* Release */ = {
			isa = XCBuildConfiguration;
			buildSettings = {
				ALWAYS_EMBED_SWIFT_STANDARD_LIBRARIES = YES;
				BUNDLE_LOADER = "$(TEST_HOST)";
				CODE_SIGN_STYLE = Automatic;
				INFOPLIST_FILE = BeeJeeContactsTests/Info.plist;
				LD_RUNPATH_SEARCH_PATHS = "$(inherited) @executable_path/Frameworks @loader_path/Frameworks";
				PRODUCT_BUNDLE_IDENTIFIER = Khlebnikov.BeeJeeContactsTests;
				PRODUCT_NAME = "$(TARGET_NAME)";
				SWIFT_VERSION = 4.0;
				TARGETED_DEVICE_FAMILY = "1,2";
				TEST_HOST = "$(BUILT_PRODUCTS_DIR)/BeeJeeContacts.app/BeeJeeContacts";
			};
			name = Release;
		};
/* End XCBuildConfiguration section */

/* Begin XCConfigurationList section */
		1F8E05702040141600DAE212 /* Build configuration list for PBXProject "BeeJeeContacts" */ = {
			isa = XCConfigurationList;
			buildConfigurations = (
				1F8E05932040141700DAE212 /* Debug */,
				1F8E05942040141700DAE212 /* Release */,
			);
			defaultConfigurationIsVisible = 0;
			defaultConfigurationName = Release;
		};
		1F8E05952040141700DAE212 /* Build configuration list for PBXNativeTarget "BeeJeeContacts" */ = {
			isa = XCConfigurationList;
			buildConfigurations = (
				1F8E05962040141700DAE212 /* Debug */,
				1F8E05972040141700DAE212 /* Release */,
			);
			defaultConfigurationIsVisible = 0;
			defaultConfigurationName = Release;
		};
		1F8E05982040141700DAE212 /* Build configuration list for PBXNativeTarget "BeeJeeContactsTests" */ = {
			isa = XCConfigurationList;
			buildConfigurations = (
				1F8E05992040141700DAE212 /* Debug */,
				1F8E059A2040141700DAE212 /* Release */,
			);
			defaultConfigurationIsVisible = 0;
			defaultConfigurationName = Release;
		};
/* End XCConfigurationList section */

/* Begin XCVersionGroup section */
		1F8E057F2040141600DAE212 /* BeeJeeContacts.xcdatamodeld */ = {
			isa = XCVersionGroup;
			children = (
				1F8E05802040141600DAE212 /* BeeJeeContacts.xcdatamodel */,
			);
			currentVersion = 1F8E05802040141600DAE212 /* BeeJeeContacts.xcdatamodel */;
			path = BeeJeeContacts.xcdatamodeld;
			sourceTree = "<group>";
			versionGroupType = wrapper.xcdatamodel;
		};
/* End XCVersionGroup section */
	};
	rootObject = 1F8E056D2040141600DAE212 /* Project object */;
}
